
Microsoft Visual Studio Solution File, Format Version 12.00
# Visual Studio Version 16
VisualStudioVersion = 16.0.32106.194
MinimumVisualStudioVersion = 10.0.40219.1
Project("{FAE04EC0-301F-11D3-BF4B-00C04F79EFBC}") = "whileSeries12369", "whileSeries12369\whileSeries12369.csproj", "{D68CA58F-1C03-401A-A4BB-7E110515F80B}"
EndProject
Global
	GlobalSection(SolutionConfigurationPlatforms) = preSolution
		Debug|Any CPU = Debug|Any CPU
		Release|Any CPU = Release|Any CPU
	EndGlobalSection
	GlobalSection(ProjectConfigurationPlatforms) = postSolution
		{D68CA58F-1C03-401A-A4BB-7E110515F80B}.Debug|Any CPU.ActiveCfg = Debug|Any CPU
		{D68CA58F-1C03-401A-A4BB-7E110515F80B}.Debug|Any CPU.Build.0 = Debug|Any CPU
		{D68CA58F-1C03-401A-A4BB-7E110515F80B}.Release|Any CPU.ActiveCfg = Release|Any CPU
		{D68CA58F-1C03-401A-A4BB-7E110515F80B}.Release|Any CPU.Build.0 = Release|Any CPU
	EndGlobalSection
	GlobalSection(SolutionProperties) = preSolution
		HideSolutionNode = FALSE
	EndGlobalSection
	GlobalSection(ExtensibilityGlobals) = postSolution
		SolutionGuid = {E2DFA990-675D-4E3B-B69B-073017EBAD86}
	EndGlobalSection
EndGlobal
