
Microsoft Visual Studio Solution File, Format Version 12.00
# Visual Studio Version 16
VisualStudioVersion = 16.0.32106.194
MinimumVisualStudioVersion = 10.0.40219.1
Project("{FAE04EC0-301F-11D3-BF4B-00C04F79EFBC}") = "2Darray", "2Darray\2Darray.csproj", "{D851B5AB-A523-4595-8C48-21D4EF226502}"
EndProject
Global
	GlobalSection(SolutionConfigurationPlatforms) = preSolution
		Debug|Any CPU = Debug|Any CPU
		Release|Any CPU = Release|Any CPU
	EndGlobalSection
	GlobalSection(ProjectConfigurationPlatforms) = postSolution
		{D851B5AB-A523-4595-8C48-21D4EF226502}.Debug|Any CPU.ActiveCfg = Debug|Any CPU
		{D851B5AB-A523-4595-8C48-21D4EF226502}.Debug|Any CPU.Build.0 = Debug|Any CPU
		{D851B5AB-A523-4595-8C48-21D4EF226502}.Release|Any CPU.ActiveCfg = Release|Any CPU
		{D851B5AB-A523-4595-8C48-21D4EF226502}.Release|Any CPU.Build.0 = Release|Any CPU
	EndGlobalSection
	GlobalSection(SolutionProperties) = preSolution
		HideSolutionNode = FALSE
	EndGlobalSection
	GlobalSection(ExtensibilityGlobals) = postSolution
		SolutionGuid = {DAA1090B-CE62-465D-BBA5-E59B6074521B}
	EndGlobalSection
EndGlobal
