
Microsoft Visual Studio Solution File, Format Version 12.00
# Visual Studio Version 16
VisualStudioVersion = 16.0.32106.194
MinimumVisualStudioVersion = 10.0.40219.1
Project("{FAE04EC0-301F-11D3-BF4B-00C04F79EFBC}") = "forLoopSeries1236", "forLoopSeries1236\forLoopSeries1236.csproj", "{EC58DCF9-0391-4EC6-9D11-1127705683CC}"
EndProject
Global
	GlobalSection(SolutionConfigurationPlatforms) = preSolution
		Debug|Any CPU = Debug|Any CPU
		Release|Any CPU = Release|Any CPU
	EndGlobalSection
	GlobalSection(ProjectConfigurationPlatforms) = postSolution
		{EC58DCF9-0391-4EC6-9D11-1127705683CC}.Debug|Any CPU.ActiveCfg = Debug|Any CPU
		{EC58DCF9-0391-4EC6-9D11-1127705683CC}.Debug|Any CPU.Build.0 = Debug|Any CPU
		{EC58DCF9-0391-4EC6-9D11-1127705683CC}.Release|Any CPU.ActiveCfg = Release|Any CPU
		{EC58DCF9-0391-4EC6-9D11-1127705683CC}.Release|Any CPU.Build.0 = Release|Any CPU
	EndGlobalSection
	GlobalSection(SolutionProperties) = preSolution
		HideSolutionNode = FALSE
	EndGlobalSection
	GlobalSection(ExtensibilityGlobals) = postSolution
		SolutionGuid = {EAE33E44-79EC-4391-8CE7-53556A2A64C3}
	EndGlobalSection
EndGlobal
