
Microsoft Visual Studio Solution File, Format Version 12.00
# Visual Studio Version 16
VisualStudioVersion = 16.0.32106.194
MinimumVisualStudioVersion = 10.0.40219.1
Project("{FAE04EC0-301F-11D3-BF4B-00C04F79EFBC}") = "hollowRectangle", "hollowRectangle\hollowRectangle.csproj", "{73401CAF-0EF5-47EF-AE4C-6D8FF245EBE6}"
EndProject
Global
	GlobalSection(SolutionConfigurationPlatforms) = preSolution
		Debug|Any CPU = Debug|Any CPU
		Release|Any CPU = Release|Any CPU
	EndGlobalSection
	GlobalSection(ProjectConfigurationPlatforms) = postSolution
		{73401CAF-0EF5-47EF-AE4C-6D8FF245EBE6}.Debug|Any CPU.ActiveCfg = Debug|Any CPU
		{73401CAF-0EF5-47EF-AE4C-6D8FF245EBE6}.Debug|Any CPU.Build.0 = Debug|Any CPU
		{73401CAF-0EF5-47EF-AE4C-6D8FF245EBE6}.Release|Any CPU.ActiveCfg = Release|Any CPU
		{73401CAF-0EF5-47EF-AE4C-6D8FF245EBE6}.Release|Any CPU.Build.0 = Release|Any CPU
	EndGlobalSection
	GlobalSection(SolutionProperties) = preSolution
		HideSolutionNode = FALSE
	EndGlobalSection
	GlobalSection(ExtensibilityGlobals) = postSolution
		SolutionGuid = {03E6CB26-2416-4637-8062-380190AABF65}
	EndGlobalSection
EndGlobal
